// !$*UTF8*$!
{
	archiveVersion = 1;
	classes = {
	};
	objectVersion = 56;
	objects = {

/* Begin PBXBuildFile section */
		3BA9E6752C49BBD3009367AB /* Period_App.swift in Sources */ = {isa = PBXBuildFile; fileRef = 3BA9E6742C49BBD3009367AB /* Period_App.swift */; };
		3BA9E6772C49BBD3009367AB /* ContentView.swift in Sources */ = {isa = PBXBuildFile; fileRef = 3BA9E6762C49BBD3009367AB /* ContentView.swift */; };
		3BA9E6792C49BBD4009367AB /* Assets.xcassets in Resources */ = {isa = PBXBuildFile; fileRef = 3BA9E6782C49BBD4009367AB /* Assets.xcassets */; };
		3BA9E67C2C49BBD4009367AB /* Preview Assets.xcassets in Resources */ = {isa = PBXBuildFile; fileRef = 3BA9E67B2C49BBD4009367AB /* Preview Assets.xcassets */; };
		3BA9E6862C49BBD4009367AB /* Period_Tests.swift in Sources */ = {isa = PBXBuildFile; fileRef = 3BA9E6852C49BBD4009367AB /* Period_Tests.swift */; };
		3BA9E6902C49BBD4009367AB /* Period_UITests.swift in Sources */ = {isa = PBXBuildFile; fileRef = 3BA9E68F2C49BBD4009367AB /* Period_UITests.swift */; };
		3BA9E6922C49BBD4009367AB /* Period_UITestsLaunchTests.swift in Sources */ = {isa = PBXBuildFile; fileRef = 3BA9E6912C49BBD4009367AB /* Period_UITestsLaunchTests.swift */; };
/* End PBXBuildFile section */

/* Begin PBXContainerItemProxy section */
		3BA9E6822C49BBD4009367AB /* PBXContainerItemProxy */ = {
			isa = PBXContainerItemProxy;
			containerPortal = 3BA9E6692C49BBD3009367AB /* Project object */;
			proxyType = 1;
			remoteGlobalIDString = 3BA9E6702C49BBD3009367AB;
			remoteInfo = Period.;
		};
		3BA9E68C2C49BBD4009367AB /* PBXContainerItemProxy */ = {
			isa = PBXContainerItemProxy;
			containerPortal = 3BA9E6692C49BBD3009367AB /* Project object */;
			proxyType = 1;
			remoteGlobalIDString = 3BA9E6702C49BBD3009367AB;
			remoteInfo = Period.;
		};
/* End PBXContainerItemProxy section */

/* Begin PBXFileReference section */
		3BA9E6712C49BBD3009367AB /* Period..app */ = {isa = PBXFileReference; explicitFileType = wrapper.application; includeInIndex = 0; path = Period..app; sourceTree = BUILT_PRODUCTS_DIR; };
		3BA9E6742C49BBD3009367AB /* Period_App.swift */ = {isa = PBXFileReference; lastKnownFileType = sourcecode.swift; path = Period_App.swift; sourceTree = "<group>"; };
		3BA9E6762C49BBD3009367AB /* ContentView.swift */ = {isa = PBXFileReference; lastKnownFileType = sourcecode.swift; path = ContentView.swift; sourceTree = "<group>"; };
		3BA9E6782C49BBD4009367AB /* Assets.xcassets */ = {isa = PBXFileReference; lastKnownFileType = folder.assetcatalog; path = Assets.xcassets; sourceTree = "<group>"; };
		3BA9E67B2C49BBD4009367AB /* Preview Assets.xcassets */ = {isa = PBXFileReference; lastKnownFileType = folder.assetcatalog; path = "Preview Assets.xcassets"; sourceTree = "<group>"; };
		3BA9E6812C49BBD4009367AB /* Period.Tests.xctest */ = {isa = PBXFileReference; explicitFileType = wrapper.cfbundle; includeInIndex = 0; path = Period.Tests.xctest; sourceTree = BUILT_PRODUCTS_DIR; };
		3BA9E6852C49BBD4009367AB /* Period_Tests.swift */ = {isa = PBXFileReference; lastKnownFileType = sourcecode.swift; path = Period_Tests.swift; sourceTree = "<group>"; };
		3BA9E68B2C49BBD4009367AB /* Period.UITests.xctest */ = {isa = PBXFileReference; explicitFileType = wrapper.cfbundle; includeInIndex = 0; path = Period.UITests.xctest; sourceTree = BUILT_PRODUCTS_DIR; };
		3BA9E68F2C49BBD4009367AB /* Period_UITests.swift */ = {isa = PBXFileReference; lastKnownFileType = sourcecode.swift; path = Period_UITests.swift; sourceTree = "<group>"; };
		3BA9E6912C49BBD4009367AB /* Period_UITestsLaunchTests.swift */ = {isa = PBXFileReference; lastKnownFileType = sourcecode.swift; path = Period_UITestsLaunchTests.swift; sourceTree = "<group>"; };
/* End PBXFileReference section */

/* Begin PBXFrameworksBuildPhase section */
		3BA9E66E2C49BBD3009367AB /* Frameworks */ = {
			isa = PBXFrameworksBuildPhase;
			buildActionMask = 2147483647;
			files = (
			);
			runOnlyForDeploymentPostprocessing = 0;
		};
		3BA9E67E2C49BBD4009367AB /* Frameworks */ = {
			isa = PBXFrameworksBuildPhase;
			buildActionMask = 2147483647;
			files = (
			);
			runOnlyForDeploymentPostprocessing = 0;
		};
		3BA9E6882C49BBD4009367AB /* Frameworks */ = {
			isa = PBXFrameworksBuildPhase;
			buildActionMask = 2147483647;
			files = (
			);
			runOnlyForDeploymentPostprocessing = 0;
		};
/* End PBXFrameworksBuildPhase section */

/* Begin PBXGroup section */
		3BA9E6682C49BBD3009367AB = {
			isa = PBXGroup;
			children = (
				3BA9E6732C49BBD3009367AB /* Period. */,
				3BA9E6842C49BBD4009367AB /* Period.Tests */,
				3BA9E68E2C49BBD4009367AB /* Period.UITests */,
				3BA9E6722C49BBD3009367AB /* Products */,
			);
			sourceTree = "<group>";
		};
		3BA9E6722C49BBD3009367AB /* Products */ = {
			isa = PBXGroup;
			children = (
				3BA9E6712C49BBD3009367AB /* Period..app */,
				3BA9E6812C49BBD4009367AB /* Period.Tests.xctest */,
				3BA9E68B2C49BBD4009367AB /* Period.UITests.xctest */,
			);
			name = Products;
			sourceTree = "<group>";
		};
		3BA9E6732C49BBD3009367AB /* Period. */ = {
			isa = PBXGroup;
			children = (
				3BA9E6742C49BBD3009367AB /* Period_App.swift */,
				3BA9E6762C49BBD3009367AB /* ContentView.swift */,
				3BA9E6782C49BBD4009367AB /* Assets.xcassets */,
				3BA9E67A2C49BBD4009367AB /* Preview Content */,
			);
			path = Period.;
			sourceTree = "<group>";
		};
		3BA9E67A2C49BBD4009367AB /* Preview Content */ = {
			isa = PBXGroup;
			children = (
				3BA9E67B2C49BBD4009367AB /* Preview Assets.xcassets */,
			);
			path = "Preview Content";
			sourceTree = "<group>";
		};
		3BA9E6842C49BBD4009367AB /* Period.Tests */ = {
			isa = PBXGroup;
			children = (
				3BA9E6852C49BBD4009367AB /* Period_Tests.swift */,
			);
			path = Period.Tests;
			sourceTree = "<group>";
		};
		3BA9E68E2C49BBD4009367AB /* Period.UITests */ = {
			isa = PBXGroup;
			children = (
				3BA9E68F2C49BBD4009367AB /* Period_UITests.swift */,
				3BA9E6912C49BBD4009367AB /* Period_UITestsLaunchTests.swift */,
			);
			path = Period.UITests;
			sourceTree = "<group>";
		};
/* End PBXGroup section */

/* Begin PBXNativeTarget section */
		3BA9E6702C49BBD3009367AB /* Period. */ = {
			isa = PBXNativeTarget;
			buildConfigurationList = 3BA9E6952C49BBD4009367AB /* Build configuration list for PBXNativeTarget "Period." */;
			buildPhases = (
				3BA9E66D2C49BBD3009367AB /* Sources */,
				3BA9E66E2C49BBD3009367AB /* Frameworks */,
				3BA9E66F2C49BBD3009367AB /* Resources */,
			);
			buildRules = (
			);
			dependencies = (
			);
			name = Period.;
			productName = Period.;
			productReference = 3BA9E6712C49BBD3009367AB /* Period..app */;
			productType = "com.apple.product-type.application";
		};
		3BA9E6802C49BBD4009367AB /* Period.Tests */ = {
			isa = PBXNativeTarget;
			buildConfigurationList = 3BA9E6982C49BBD4009367AB /* Build configuration list for PBXNativeTarget "Period.Tests" */;
			buildPhases = (
				3BA9E67D2C49BBD4009367AB /* Sources */,
				3BA9E67E2C49BBD4009367AB /* Frameworks */,
				3BA9E67F2C49BBD4009367AB /* Resources */,
			);
			buildRules = (
			);
			dependencies = (
				3BA9E6832C49BBD4009367AB /* PBXTargetDependency */,
			);
			name = Period.Tests;
			productName = Period.Tests;
			productReference = 3BA9E6812C49BBD4009367AB /* Period.Tests.xctest */;
			productType = "com.apple.product-type.bundle.unit-test";
		};
		3BA9E68A2C49BBD4009367AB /* Period.UITests */ = {
			isa = PBXNativeTarget;
			buildConfigurationList = 3BA9E69B2C49BBD4009367AB /* Build configuration list for PBXNativeTarget "Period.UITests" */;
			buildPhases = (
				3BA9E6872C49BBD4009367AB /* Sources */,
				3BA9E6882C49BBD4009367AB /* Frameworks */,
				3BA9E6892C49BBD4009367AB /* Resources */,
			);
			buildRules = (
			);
			dependencies = (
				3BA9E68D2C49BBD4009367AB /* PBXTargetDependency */,
			);
			name = Period.UITests;
			productName = Period.UITests;
			productReference = 3BA9E68B2C49BBD4009367AB /* Period.UITests.xctest */;
			productType = "com.apple.product-type.bundle.ui-testing";
		};
/* End PBXNativeTarget section */

/* Begin PBXProject section */
		3BA9E6692C49BBD3009367AB /* Project object */ = {
			isa = PBXProject;
			attributes = {
				BuildIndependentTargetsInParallel = 1;
				LastSwiftUpdateCheck = 1540;
				LastUpgradeCheck = 1540;
				TargetAttributes = {
					3BA9E6702C49BBD3009367AB = {
						CreatedOnToolsVersion = 15.4;
					};
					3BA9E6802C49BBD4009367AB = {
						CreatedOnToolsVersion = 15.4;
						TestTargetID = 3BA9E6702C49BBD3009367AB;
					};
					3BA9E68A2C49BBD4009367AB = {
						CreatedOnToolsVersion = 15.4;
						TestTargetID = 3BA9E6702C49BBD3009367AB;
					};
				};
			};
			buildConfigurationList = 3BA9E66C2C49BBD3009367AB /* Build configuration list for PBXProject "Period." */;
			compatibilityVersion = "Xcode 14.0";
			developmentRegion = en;
			hasScannedForEncodings = 0;
			knownRegions = (
				en,
				Base,
			);
			mainGroup = 3BA9E6682C49BBD3009367AB;
			productRefGroup = 3BA9E6722C49BBD3009367AB /* Products */;
			projectDirPath = "";
			projectRoot = "";
			targets = (
				3BA9E6702C49BBD3009367AB /* Period. */,
				3BA9E6802C49BBD4009367AB /* Period.Tests */,
				3BA9E68A2C49BBD4009367AB /* Period.UITests */,
			);
		};
/* End PBXProject section */

/* Begin PBXResourcesBuildPhase section */
		3BA9E66F2C49BBD3009367AB /* Resources */ = {
			isa = PBXResourcesBuildPhase;
			buildActionMask = 2147483647;
			files = (
				3BA9E67C2C49BBD4009367AB /* Preview Assets.xcassets in Resources */,
				3BA9E6792C49BBD4009367AB /* Assets.xcassets in Resources */,
			);
			runOnlyForDeploymentPostprocessing = 0;
		};
		3BA9E67F2C49BBD4009367AB /* Resources */ = {
			isa = PBXResourcesBuildPhase;
			buildActionMask = 2147483647;
			files = (
			);
			runOnlyForDeploymentPostprocessing = 0;
		};
		3BA9E6892C49BBD4009367AB /* Resources */ = {
			isa = PBXResourcesBuildPhase;
			buildActionMask = 2147483647;
			files = (
			);
			runOnlyForDeploymentPostprocessing = 0;
		};
/* End PBXResourcesBuildPhase section */

/* Begin PBXSourcesBuildPhase section */
		3BA9E66D2C49BBD3009367AB /* Sources */ = {
			isa = PBXSourcesBuildPhase;
			buildActionMask = 2147483647;
			files = (
				3BA9E6772C49BBD3009367AB /* ContentView.swift in Sources */,
				3BA9E6752C49BBD3009367AB /* Period_App.swift in Sources */,
			);
			runOnlyForDeploymentPostprocessing = 0;
		};
		3BA9E67D2C49BBD4009367AB /* Sources */ = {
			isa = PBXSourcesBuildPhase;
			buildActionMask = 2147483647;
			files = (
				3BA9E6862C49BBD4009367AB /* Period_Tests.swift in Sources */,
			);
			runOnlyForDeploymentPostprocessing = 0;
		};
		3BA9E6872C49BBD4009367AB /* Sources */ = {
			isa = PBXSourcesBuildPhase;
			buildActionMask = 2147483647;
			files = (
				3BA9E6902C49BBD4009367AB /* Period_UITests.swift in Sources */,
				3BA9E6922C49BBD4009367AB /* Period_UITestsLaunchTests.swift in Sources */,
			);
			runOnlyForDeploymentPostprocessing = 0;
		};
/* End PBXSourcesBuildPhase section */

/* Begin PBXTargetDependency section */
		3BA9E6832C49BBD4009367AB /* PBXTargetDependency */ = {
			isa = PBXTargetDependency;
			target = 3BA9E6702C49BBD3009367AB /* Period. */;
			targetProxy = 3BA9E6822C49BBD4009367AB /* PBXContainerItemProxy */;
		};
		3BA9E68D2C49BBD4009367AB /* PBXTargetDependency */ = {
			isa = PBXTargetDependency;
			target = 3BA9E6702C49BBD3009367AB /* Period. */;
			targetProxy = 3BA9E68C2C49BBD4009367AB /* PBXContainerItemProxy */;
		};
/* End PBXTargetDependency section */

/* Begin XCBuildConfiguration section */
		3BA9E6932C49BBD4009367AB /* Debug */ = {
			isa = XCBuildConfiguration;
			buildSettings = {
				ALWAYS_SEARCH_USER_PATHS = NO;
				ASSETCATALOG_COMPILER_GENERATE_SWIFT_ASSET_SYMBOL_EXTENSIONS = YES;
				CLANG_ANALYZER_NONNULL = YES;
				CLANG_ANALYZER_NUMBER_OBJECT_CONVERSION = YES_AGGRESSIVE;
				CLANG_CXX_LANGUAGE_STANDARD = "gnu++20";
				CLANG_ENABLE_MODULES = YES;
				CLANG_ENABLE_OBJC_ARC = YES;
				CLANG_ENABLE_OBJC_WEAK = YES;
				CLANG_WARN_BLOCK_CAPTURE_AUTORELEASING = YES;
				CLANG_WARN_BOOL_CONVERSION = YES;
				CLANG_WARN_COMMA = YES;
				CLANG_WARN_CONSTANT_CONVERSION = YES;
				CLANG_WARN_DEPRECATED_OBJC_IMPLEMENTATIONS = YES;
				CLANG_WARN_DIRECT_OBJC_ISA_USAGE = YES_ERROR;
				CLANG_WARN_DOCUMENTATION_COMMENTS = YES;
				CLANG_WARN_EMPTY_BODY = YES;
				CLANG_WARN_ENUM_CONVERSION = YES;
				CLANG_WARN_INFINITE_RECURSION = YES;
				CLANG_WARN_INT_CONVERSION = YES;
				CLANG_WARN_NON_LITERAL_NULL_CONVERSION = YES;
				CLANG_WARN_OBJC_IMPLICIT_RETAIN_SELF = YES;
				CLANG_WARN_OBJC_LITERAL_CONVERSION = YES;
				CLANG_WARN_OBJC_ROOT_CLASS = YES_ERROR;
				CLANG_WARN_QUOTED_INCLUDE_IN_FRAMEWORK_HEADER = YES;
				CLANG_WARN_RANGE_LOOP_ANALYSIS = YES;
				CLANG_WARN_STRICT_PROTOTYPES = YES;
				CLANG_WARN_SUSPICIOUS_MOVE = YES;
				CLANG_WARN_UNGUARDED_AVAILABILITY = YES_AGGRESSIVE;
				CLANG_WARN_UNREACHABLE_CODE = YES;
				CLANG_WARN__DUPLICATE_METHOD_MATCH = YES;
				COPY_PHASE_STRIP = NO;
				DEBUG_INFORMATION_FORMAT = dwarf;
				ENABLE_STRICT_OBJC_MSGSEND = YES;
				ENABLE_TESTABILITY = YES;
				ENABLE_USER_SCRIPT_SANDBOXING = YES;
				GCC_C_LANGUAGE_STANDARD = gnu17;
				GCC_DYNAMIC_NO_PIC = NO;
				GCC_NO_COMMON_BLOCKS = YES;
				GCC_OPTIMIZATION_LEVEL = 0;
				GCC_PREPROCESSOR_DEFINITIONS = (
					"DEBUG=1",
					"$(inherited)",
				);
				GCC_WARN_64_TO_32_BIT_CONVERSION = YES;
				GCC_WARN_ABOUT_RETURN_TYPE = YES_ERROR;
				GCC_WARN_UNDECLARED_SELECTOR = YES;
				GCC_WARN_UNINITIALIZED_AUTOS = YES_AGGRESSIVE;
				GCC_WARN_UNUSED_FUNCTION = YES;
				GCC_WARN_UNUSED_VARIABLE = YES;
				IPHONEOS_DEPLOYMENT_TARGET = 17.5;
				LOCALIZATION_PREFERS_STRING_CATALOGS = YES;
				MTL_ENABLE_DEBUG_INFO = INCLUDE_SOURCE;
				MTL_FAST_MATH = YES;
				ONLY_ACTIVE_ARCH = YES;
				SDKROOT = iphoneos;
				SWIFT_ACTIVE_COMPILATION_CONDITIONS = "DEBUG $(inherited)";
				SWIFT_OPTIMIZATION_LEVEL = "-Onone";
			};
			name = Debug;
		};
		3BA9E6942C49BBD4009367AB /* Release */ = {
			isa = XCBuildConfiguration;
			buildSettings = {
				ALWAYS_SEARCH_USER_PATHS = NO;
				ASSETCATALOG_COMPILER_GENERATE_SWIFT_ASSET_SYMBOL_EXTENSIONS = YES;
				CLANG_ANALYZER_NONNULL = YES;
				CLANG_ANALYZER_NUMBER_OBJECT_CONVERSION = YES_AGGRESSIVE;
				CLANG_CXX_LANGUAGE_STANDARD = "gnu++20";
				CLANG_ENABLE_MODULES = YES;
				CLANG_ENABLE_OBJC_ARC = YES;
				CLANG_ENABLE_OBJC_WEAK = YES;
				CLANG_WARN_BLOCK_CAPTURE_AUTORELEASING = YES;
				CLANG_WARN_BOOL_CONVERSION = YES;
				CLANG_WARN_COMMA = YES;
				CLANG_WARN_CONSTANT_CONVERSION = YES;
				CLANG_WARN_DEPRECATED_OBJC_IMPLEMENTATIONS = YES;
				CLANG_WARN_DIRECT_OBJC_ISA_USAGE = YES_ERROR;
				CLANG_WARN_DOCUMENTATION_COMMENTS = YES;
				CLANG_WARN_EMPTY_BODY = YES;
				CLANG_WARN_ENUM_CONVERSION = YES;
				CLANG_WARN_INFINITE_RECURSION = YES;
				CLANG_WARN_INT_CONVERSION = YES;
				CLANG_WARN_NON_LITERAL_NULL_CONVERSION = YES;
				CLANG_WARN_OBJC_IMPLICIT_RETAIN_SELF = YES;
				CLANG_WARN_OBJC_LITERAL_CONVERSION = YES;
				CLANG_WARN_OBJC_ROOT_CLASS = YES_ERROR;
				CLANG_WARN_QUOTED_INCLUDE_IN_FRAMEWORK_HEADER = YES;
				CLANG_WARN_RANGE_LOOP_ANALYSIS = YES;
				CLANG_WARN_STRICT_PROTOTYPES = YES;
				CLANG_WARN_SUSPICIOUS_MOVE = YES;
				CLANG_WARN_UNGUARDED_AVAILABILITY = YES_AGGRESSIVE;
				CLANG_WARN_UNREACHABLE_CODE = YES;
				CLANG_WARN__DUPLICATE_METHOD_MATCH = YES;
				COPY_PHASE_STRIP = NO;
				DEBUG_INFORMATION_FORMAT = "dwarf-with-dsym";
				ENABLE_NS_ASSERTIONS = NO;
				ENABLE_STRICT_OBJC_MSGSEND = YES;
				ENABLE_USER_SCRIPT_SANDBOXING = YES;
				GCC_C_LANGUAGE_STANDARD = gnu17;
				GCC_NO_COMMON_BLOCKS = YES;
				GCC_WARN_64_TO_32_BIT_CONVERSION = YES;
				GCC_WARN_ABOUT_RETURN_TYPE = YES_ERROR;
				GCC_WARN_UNDECLARED_SELECTOR = YES;
				GCC_WARN_UNINITIALIZED_AUTOS = YES_AGGRESSIVE;
				GCC_WARN_UNUSED_FUNCTION = YES;
				GCC_WARN_UNUSED_VARIABLE = YES;
				IPHONEOS_DEPLOYMENT_TARGET = 17.5;
				LOCALIZATION_PREFERS_STRING_CATALOGS = YES;
				MTL_ENABLE_DEBUG_INFO = NO;
				MTL_FAST_MATH = YES;
				SDKROOT = iphoneos;
				SWIFT_COMPILATION_MODE = wholemodule;
				VALIDATE_PRODUCT = YES;
			};
			name = Release;
		};
		3BA9E6962C49BBD4009367AB /* Debug */ = {
			isa = XCBuildConfiguration;
			buildSettings = {
				ASSETCATALOG_COMPILER_APPICON_NAME = AppIcon;
				ASSETCATALOG_COMPILER_GLOBAL_ACCENT_COLOR_NAME = AccentColor;
				CODE_SIGN_STYLE = Automatic;
				CURRENT_PROJECT_VERSION = 1;
				DEVELOPMENT_ASSET_PATHS = "\"Period./Preview Content\"";
				DEVELOPMENT_TEAM = DN245BL68V;
				ENABLE_PREVIEWS = YES;
				GENERATE_INFOPLIST_FILE = YES;
				INFOPLIST_KEY_UIApplicationSceneManifest_Generation = YES;
				INFOPLIST_KEY_UIApplicationSupportsIndirectInputEvents = YES;
				INFOPLIST_KEY_UILaunchScreen_Generation = YES;
				INFOPLIST_KEY_UISupportedInterfaceOrientations_iPad = "UIInterfaceOrientationPortrait UIInterfaceOrientationPortraitUpsideDown UIInterfaceOrientationLandscapeLeft UIInterfaceOrientationLandscapeRight";
				INFOPLIST_KEY_UISupportedInterfaceOrientations_iPhone = "UIInterfaceOrientationPortrait UIInterfaceOrientationLandscapeLeft UIInterfaceOrientationLandscapeRight";
				LD_RUNPATH_SEARCH_PATHS = (
					"$(inherited)",
					"@executable_path/Frameworks",
				);
				MARKETING_VERSION = 1.0;
				PRODUCT_BUNDLE_IDENTIFIER = "kwk.Period-";
				PRODUCT_NAME = "$(TARGET_NAME)";
				SWIFT_EMIT_LOC_STRINGS = YES;
				SWIFT_VERSION = 5.0;
				TARGETED_DEVICE_FAMILY = "1,2";
			};
			name = Debug;
		};
		3BA9E6972C49BBD4009367AB /* Release */ = {
			isa = XCBuildConfiguration;
			buildSettings = {
				ASSETCATALOG_COMPILER_APPICON_NAME = AppIcon;
				ASSETCATALOG_COMPILER_GLOBAL_ACCENT_COLOR_NAME = AccentColor;
				CODE_SIGN_STYLE = Automatic;
				CURRENT_PROJECT_VERSION = 1;
				DEVELOPMENT_ASSET_PATHS = "\"Period./Preview Content\"";
				DEVELOPMENT_TEAM = DN245BL68V;
				ENABLE_PREVIEWS = YES;
				GENERATE_INFOPLIST_FILE = YES;
				INFOPLIST_KEY_UIApplicationSceneManifest_Generation = YES;
				INFOPLIST_KEY_UIApplicationSupportsIndirectInputEvents = YES;
				INFOPLIST_KEY_UILaunchScreen_Generation = YES;
				INFOPLIST_KEY_UISupportedInterfaceOrientations_iPad = "UIInterfaceOrientationPortrait UIInterfaceOrientationPortraitUpsideDown UIInterfaceOrientationLandscapeLeft UIInterfaceOrientationLandscapeRight";
				INFOPLIST_KEY_UISupportedInterfaceOrientations_iPhone = "UIInterfaceOrientationPortrait UIInterfaceOrientationLandscapeLeft UIInterfaceOrientationLandscapeRight";
				LD_RUNPATH_SEARCH_PATHS = (
					"$(inherited)",
					"@executable_path/Frameworks",
				);
				MARKETING_VERSION = 1.0;
				PRODUCT_BUNDLE_IDENTIFIER = "kwk.Period-";
				PRODUCT_NAME = "$(TARGET_NAME)";
				SWIFT_EMIT_LOC_STRINGS = YES;
				SWIFT_VERSION = 5.0;
				TARGETED_DEVICE_FAMILY = "1,2";
			};
			name = Release;
		};
		3BA9E6992C49BBD4009367AB /* Debug */ = {
			isa = XCBuildConfiguration;
			buildSettings = {
				ALWAYS_EMBED_SWIFT_STANDARD_LIBRARIES = YES;
				BUNDLE_LOADER = "$(TEST_HOST)";
				CODE_SIGN_STYLE = Automatic;
				CURRENT_PROJECT_VERSION = 1;
				DEVELOPMENT_TEAM = DN245BL68V;
				GENERATE_INFOPLIST_FILE = YES;
				IPHONEOS_DEPLOYMENT_TARGET = 17.5;
				MARKETING_VERSION = 1.0;
				PRODUCT_BUNDLE_IDENTIFIER = "kwk.Period-Tests";
				PRODUCT_NAME = "$(TARGET_NAME)";
				SWIFT_EMIT_LOC_STRINGS = NO;
				SWIFT_VERSION = 5.0;
				TARGETED_DEVICE_FAMILY = "1,2";
				TEST_HOST = "$(BUILT_PRODUCTS_DIR)/Period..app/$(BUNDLE_EXECUTABLE_FOLDER_PATH)/Period.";
			};
			name = Debug;
		};
		3BA9E69A2C49BBD4009367AB /* Release */ = {
			isa = XCBuildConfiguration;
			buildSettings = {
				ALWAYS_EMBED_SWIFT_STANDARD_LIBRARIES = YES;
				BUNDLE_LOADER = "$(TEST_HOST)";
				CODE_SIGN_STYLE = Automatic;
				CURRENT_PROJECT_VERSION = 1;
				DEVELOPMENT_TEAM = DN245BL68V;
				GENERATE_INFOPLIST_FILE = YES;
				IPHONEOS_DEPLOYMENT_TARGET = 17.5;
				MARKETING_VERSION = 1.0;
				PRODUCT_BUNDLE_IDENTIFIER = "kwk.Period-Tests";
				PRODUCT_NAME = "$(TARGET_NAME)";
				SWIFT_EMIT_LOC_STRINGS = NO;
				SWIFT_VERSION = 5.0;
				TARGETED_DEVICE_FAMILY = "1,2";
				TEST_HOST = "$(BUILT_PRODUCTS_DIR)/Period..app/$(BUNDLE_EXECUTABLE_FOLDER_PATH)/Period.";
			};
			name = Release;
		};
		3BA9E69C2C49BBD4009367AB /* Debug */ = {
			isa = XCBuildConfiguration;
			buildSettings = {
				ALWAYS_EMBED_SWIFT_STANDARD_LIBRARIES = YES;
				CODE_SIGN_STYLE = Automatic;
				CURRENT_PROJECT_VERSION = 1;
				DEVELOPMENT_TEAM = DN245BL68V;
				GENERATE_INFOPLIST_FILE = YES;
				MARKETING_VERSION = 1.0;
				PRODUCT_BUNDLE_IDENTIFIER = "kwk.Period-UITests";
				PRODUCT_NAME = "$(TARGET_NAME)";
				SWIFT_EMIT_LOC_STRINGS = NO;
				SWIFT_VERSION = 5.0;
				TARGETED_DEVICE_FAMILY = "1,2";
				TEST_TARGET_NAME = Period.;
			};
			name = Debug;
		};
		3BA9E69D2C49BBD4009367AB /* Release */ = {
			isa = XCBuildConfiguration;
			buildSettings = {
				ALWAYS_EMBED_SWIFT_STANDARD_LIBRARIES = YES;
				CODE_SIGN_STYLE = Automatic;
				CURRENT_PROJECT_VERSION = 1;
				DEVELOPMENT_TEAM = DN245BL68V;
				GENERATE_INFOPLIST_FILE = YES;
				MARKETING_VERSION = 1.0;
				PRODUCT_BUNDLE_IDENTIFIER = "kwk.Period-UITests";
				PRODUCT_NAME = "$(TARGET_NAME)";
				SWIFT_EMIT_LOC_STRINGS = NO;
				SWIFT_VERSION = 5.0;
				TARGETED_DEVICE_FAMILY = "1,2";
				TEST_TARGET_NAME = Period.;
			};
			name = Release;
		};
/* End XCBuildConfiguration section */

/* Begin XCConfigurationList section */
		3BA9E66C2C49BBD3009367AB /* Build configuration list for PBXProject "Period." */ = {
			isa = XCConfigurationList;
			buildConfigurations = (
				3BA9E6932C49BBD4009367AB /* Debug */,
				3BA9E6942C49BBD4009367AB /* Release */,
			);
			defaultConfigurationIsVisible = 0;
			defaultConfigurationName = Release;
		};
		3BA9E6952C49BBD4009367AB /* Build configuration list for PBXNativeTarget "Period." */ = {
			isa = XCConfigurationList;
			buildConfigurations = (
				3BA9E6962C49BBD4009367AB /* Debug */,
				3BA9E6972C49BBD4009367AB /* Release */,
			);
			defaultConfigurationIsVisible = 0;
			defaultConfigurationName = Release;
		};
		3BA9E6982C49BBD4009367AB /* Build configuration list for PBXNativeTarget "Period.Tests" */ = {
			isa = XCConfigurationList;
			buildConfigurations = (
				3BA9E6992C49BBD4009367AB /* Debug */,
				3BA9E69A2C49BBD4009367AB /* Release */,
			);
			defaultConfigurationIsVisible = 0;
			defaultConfigurationName = Release;
		};
		3BA9E69B2C49BBD4009367AB /* Build configuration list for PBXNativeTarget "Period.UITests" */ = {
			isa = XCConfigurationList;
			buildConfigurations = (
				3BA9E69C2C49BBD4009367AB /* Debug */,
				3BA9E69D2C49BBD4009367AB /* Release */,
			);
			defaultConfigurationIsVisible = 0;
			defaultConfigurationName = Release;
		};
/* End XCConfigurationList section */
	};
	rootObject = 3BA9E6692C49BBD3009367AB /* Project object */;
}
